
Microsoft Visual Studio Solution File, Format Version 12.00
# Visual Studio Version 16
VisualStudioVersion = 16.0.28803.202
MinimumVisualStudioVersion = 10.0.40219.1
Project("{9A19103F-16F7-4668-BE54-9A1E7A4F7556}") = "Panode", "Panode\Panode.csproj", "{060F60B6-FFFA-44FF-A167-E9A1FB0A39B1}"
EndProject
Project("{9A19103F-16F7-4668-BE54-9A1E7A4F7556}") = "Tests", "Tests\Tests.csproj", "{1B5B9DC1-F942-4E97-A465-9B3B2F16723E}"
EndProject
Project("{9A19103F-16F7-4668-BE54-9A1E7A4F7556}") = "Encoding", "Encoding\Encoding.csproj", "{EE36049D-8038-41B6-A6CD-E50E1733B838}"
EndProject
Project("{9A19103F-16F7-4668-BE54-9A1E7A4F7556}") = "ByteOperation", "ByteOperation\ByteOperation.csproj", "{BFD36483-FE71-4A20-9F67-579625D265A5}"
EndProject
Global
	GlobalSection(SolutionConfigurationPlatforms) = preSolution
		Debug|Any CPU = Debug|Any CPU
		Release|Any CPU = Release|Any CPU
	EndGlobalSection
	GlobalSection(ProjectConfigurationPlatforms) = postSolution
		{060F60B6-FFFA-44FF-A167-E9A1FB0A39B1}.Debug|Any CPU.ActiveCfg = Debug|Any CPU
		{060F60B6-FFFA-44FF-A167-E9A1FB0A39B1}.Debug|Any CPU.Build.0 = Debug|Any CPU
		{060F60B6-FFFA-44FF-A167-E9A1FB0A39B1}.Release|Any CPU.ActiveCfg = Release|Any CPU
		{060F60B6-FFFA-44FF-A167-E9A1FB0A39B1}.Release|Any CPU.Build.0 = Release|Any CPU
		{1B5B9DC1-F942-4E97-A465-9B3B2F16723E}.Debug|Any CPU.ActiveCfg = Debug|Any CPU
		{1B5B9DC1-F942-4E97-A465-9B3B2F16723E}.Debug|Any CPU.Build.0 = Debug|Any CPU
		{1B5B9DC1-F942-4E97-A465-9B3B2F16723E}.Release|Any CPU.ActiveCfg = Release|Any CPU
		{1B5B9DC1-F942-4E97-A465-9B3B2F16723E}.Release|Any CPU.Build.0 = Release|Any CPU
		{EE36049D-8038-41B6-A6CD-E50E1733B838}.Debug|Any CPU.ActiveCfg = Debug|Any CPU
		{EE36049D-8038-41B6-A6CD-E50E1733B838}.Debug|Any CPU.Build.0 = Debug|Any CPU
		{EE36049D-8038-41B6-A6CD-E50E1733B838}.Release|Any CPU.ActiveCfg = Release|Any CPU
		{EE36049D-8038-41B6-A6CD-E50E1733B838}.Release|Any CPU.Build.0 = Release|Any CPU
		{BFD36483-FE71-4A20-9F67-579625D265A5}.Debug|Any CPU.ActiveCfg = Debug|Any CPU
		{BFD36483-FE71-4A20-9F67-579625D265A5}.Debug|Any CPU.Build.0 = Debug|Any CPU
		{BFD36483-FE71-4A20-9F67-579625D265A5}.Release|Any CPU.ActiveCfg = Release|Any CPU
		{BFD36483-FE71-4A20-9F67-579625D265A5}.Release|Any CPU.Build.0 = Release|Any CPU
	EndGlobalSection
	GlobalSection(SolutionProperties) = preSolution
		HideSolutionNode = FALSE
	EndGlobalSection
	GlobalSection(ExtensibilityGlobals) = postSolution
		SolutionGuid = {DB218086-DFB0-47D9-BAAF-14A293AD698C}
	EndGlobalSection
EndGlobal
